// !$*UTF8*$!
{
	archiveVersion = 1;
	classes = {
	};
	objectVersion = 54;
	objects = {

/* Begin PBXBuildFile section */
		056296BA5123D679A4DE0ACF /* MWDATCamera in Frameworks */ = {isa = PBXBuildFile; productRef = CDCA28262A52E14A872D9AA8 /* MWDATCamera */; };
		13326A92F9E9C74CB880E75B /* ReferentApple in Frameworks */ = {isa = PBXBuildFile; productRef = B017894614FE52F80FFAAA5C /* ReferentApple */; };
		18913F5E3B2630E0BAA12586 /* ReferentRekognition in Frameworks */ = {isa = PBXBuildFile; productRef = 9EAECDB1B41A3DF8F039F26B /* ReferentRekognition */; };
		1EA637BAEF24088A61C6D42A /* Foundation.framework in Frameworks */ = {isa = PBXBuildFile; fileRef = B342E4612800028FFCB936EB /* Foundation.framework */; };
		2DB57E78681EB969E48AEBDA /* CameraCaptureView.swift in Sources */ = {isa = PBXBuildFile; fileRef = C98E057A440B3B3622CCF1A8 /* CameraCaptureView.swift */; };
		357AA5C573BBBA82D1B72FF1 /* MongoKitten in Frameworks */ = {isa = PBXBuildFile; productRef = CB485F87C601DC9CF09C209A /* MongoKitten */; };
		4ADD74DAB3CE07008600B809 /* Foundation.framework in Frameworks */ = {isa = PBXBuildFile; fileRef = B342E4612800028FFCB936EB /* Foundation.framework */; };
		4C21477A33D38C69A72D5F85 /* ReferentCore in Frameworks */ = {isa = PBXBuildFile; productRef = A25EF29BDCE74EEED0B2DF20 /* ReferentCore */; };
		55A25B4CA51CC1A9D627B100 /* DesignSystem.swift in Sources */ = {isa = PBXBuildFile; fileRef = 11CF1511FAF0A474CFFDDC86 /* DesignSystem.swift */; };
		56E0CFF36E0A36F1CD48AA69 /* ReferentRecognizer.swift in Sources */ = {isa = PBXBuildFile; fileRef = B8A7BBB637482466B6A78A79 /* ReferentRecognizer.swift */; };
		5BDC97243A0B770C62555D52 /* VioletApp.swift in Sources */ = {isa = PBXBuildFile; fileRef = 89B8EB596368F9C23C952A05 /* VioletApp.swift */; };
		5EE42200E25AB32425F3CF44 /* WakeChime.mp3 in Resources */ = {isa = PBXBuildFile; fileRef = 070980DFDC6B1EC53F8B3757 /* WakeChime.mp3 */; };
		601581029110C9669DBF39C4 /* MWDATSpeech in Frameworks */ = {isa = PBXBuildFile; productRef = B69ECAF5952BEE01A6DFBAA6 /* MWDATSpeech */; };
		6424BC6A5CA7D917EDC1D1AE /* WakeWordDetector.swift in Sources */ = {isa = PBXBuildFile; fileRef = A9B8B31EEB54CFC27DF62641 /* WakeWordDetector.swift */; };
		6BDFCD551D00DAD171733ED7 /* MuktaMalar-Light.ttf in Resources */ = {isa = PBXBuildFile; fileRef = 6A28F07BEC80096F1FE110E6 /* MuktaMalar-Light.ttf */; };
		6EAF340F3AD68FDE5F358D5D /* AppModel.swift in Sources */ = {isa = PBXBuildFile; fileRef = 0342B76D208B9D6B637A572C /* AppModel.swift */; };
		77B796C5609DB737635B2558 /* Assets.xcassets in Resources */ = {isa = PBXBuildFile; fileRef = CED2411FD052F7EAD928B47D /* Assets.xcassets */; };
		786BE3B2CC4EF8DBC84FB6E4 /* WakeChime.swift in Sources */ = {isa = PBXBuildFile; fileRef = 4BC6AB89438E6F451B1BCF57 /* WakeChime.swift */; };
		7AC3488AEB34B141428E1188 /* LocalStore.swift in Sources */ = {isa = PBXBuildFile; fileRef = 09DD5DE92EB7956AC72E097B /* LocalStore.swift */; };
		81A612A99A6D2B7EC5C34919 /* FrameSelectorTests.swift in Sources */ = {isa = PBXBuildFile; fileRef = ADBA43E6D7E8482352D237B6 /* FrameSelectorTests.swift */; };
		85392729460FCE547C2CE8CF /* Sansation-Regular.ttf in Resources */ = {isa = PBXBuildFile; fileRef = C03B37329D6886547354F56C /* Sansation-Regular.ttf */; };
		87CAA134A416688F53D28F89 /* FrameSelector.swift in Sources */ = {isa = PBXBuildFile; fileRef = 877104F3162E7609D7263562 /* FrameSelector.swift */; };
		87E5C2A0B4D9E7A9DE683906 /* OpenAIRecognitionService.swift in Sources */ = {isa = PBXBuildFile; fileRef = 9E0EED79880687D5C0985ED3 /* OpenAIRecognitionService.swift */; };
		8D4E1F1EDC8B6DD890C7ABB0 /* Sansation-Bold.ttf in Resources */ = {isa = PBXBuildFile; fileRef = 90B27D4AD72AAD5E13426F57 /* Sansation-Bold.ttf */; };
		94D2324C4740EC0F612E4945 /* GlassesManager.swift in Sources */ = {isa = PBXBuildFile; fileRef = CA46892617E3049CF8B100AD /* GlassesManager.swift */; };
		AC6644AC20CD2479A9920E68 /* AppEnvironment.swift in Sources */ = {isa = PBXBuildFile; fileRef = 9FFAB61395684170598040E0 /* AppEnvironment.swift */; };
		AFF2769A58D1C5F7BFBD4FC6 /* Models.swift in Sources */ = {isa = PBXBuildFile; fileRef = 833C5563711F3EBEB2AB9570 /* Models.swift */; };
		B5FC3F51408DCF5E5CF29C3C /* WakeWordDetector.swift in Sources */ = {isa = PBXBuildFile; fileRef = A9B8B31EEB54CFC27DF62641 /* WakeWordDetector.swift */; };
		B7D74592049A2F0EA72B62DF /* MWDATCore in Frameworks */ = {isa = PBXBuildFile; productRef = A0EAA09D58A0AF5B40B7FCB3 /* MWDATCore */; };
		C673138A466EACEBAF564012 /* AddPersonSheet.swift in Sources */ = {isa = PBXBuildFile; fileRef = 84A048C38A36074C6FEA592E /* AddPersonSheet.swift */; };
		CA27DAF716C18AE0D5200074 /* AudioOutput.swift in Sources */ = {isa = PBXBuildFile; fileRef = D29C477E148A3F097714D57C /* AudioOutput.swift */; };
		CB5FAC5DA74BAD11240EE307 /* RemoteAPI.swift in Sources */ = {isa = PBXBuildFile; fileRef = EED63F6C35A37A4C27F38ECC /* RemoteAPI.swift */; };
		D1A56D5E733DA77606A821FE /* HomeView.swift in Sources */ = {isa = PBXBuildFile; fileRef = F3BC6F278216236E351B7C91 /* HomeView.swift */; };
		DFE6AF9A17073688BD411587 /* FrameSelector.swift in Sources */ = {isa = PBXBuildFile; fileRef = 877104F3162E7609D7263562 /* FrameSelector.swift */; };
		EB4730636473EEBA0A4E2D62 /* MWDATInputs in Frameworks */ = {isa = PBXBuildFile; productRef = 23DE4EDE9FB82A4C7996DA1C /* MWDATInputs */; };
		EC0B864A8B3B6A05A30DF683 /* WakeWordDetectorTests.swift in Sources */ = {isa = PBXBuildFile; fileRef = D6EE2B19745F5A4DD7E23191 /* WakeWordDetectorTests.swift */; };
		F265F54EF1073CC31A6140FF /* ElevenLabsSpeaker.swift in Sources */ = {isa = PBXBuildFile; fileRef = FF7877A2761C7F03D35DD3A2 /* ElevenLabsSpeaker.swift */; };
/* End PBXBuildFile section */

/* Begin PBXFileReference section */
		0342B76D208B9D6B637A572C /* AppModel.swift */ = {isa = PBXFileReference; includeInIndex = 1; lastKnownFileType = sourcecode.swift; name = AppModel.swift; path = App/AppModel.swift; sourceTree = "<group>"; };
		070980DFDC6B1EC53F8B3757 /* WakeChime.mp3 */ = {isa = PBXFileReference; includeInIndex = 1; lastKnownFileType = audio.mp3; name = WakeChime.mp3; path = Resources/WakeChime.mp3; sourceTree = "<group>"; };
		09DD5DE92EB7956AC72E097B /* LocalStore.swift */ = {isa = PBXFileReference; includeInIndex = 1; lastKnownFileType = sourcecode.swift; name = LocalStore.swift; path = Data/LocalStore.swift; sourceTree = "<group>"; };
		11CF1511FAF0A474CFFDDC86 /* DesignSystem.swift */ = {isa = PBXFileReference; includeInIndex = 1; lastKnownFileType = sourcecode.swift; name = DesignSystem.swift; path = Design/DesignSystem.swift; sourceTree = "<group>"; };
		4BC6AB89438E6F451B1BCF57 /* WakeChime.swift */ = {isa = PBXFileReference; includeInIndex = 1; lastKnownFileType = sourcecode.swift; name = WakeChime.swift; path = Services/WakeChime.swift; sourceTree = "<group>"; };
		6A28F07BEC80096F1FE110E6 /* MuktaMalar-Light.ttf */ = {isa = PBXFileReference; includeInIndex = 1; lastKnownFileType = file; name = "MuktaMalar-Light.ttf"; path = "Resources/MuktaMalar-Light.ttf"; sourceTree = "<group>"; };
		833C5563711F3EBEB2AB9570 /* Models.swift */ = {isa = PBXFileReference; includeInIndex = 1; lastKnownFileType = sourcecode.swift; name = Models.swift; path = Domain/Models.swift; sourceTree = "<group>"; };
		84A048C38A36074C6FEA592E /* AddPersonSheet.swift */ = {isa = PBXFileReference; includeInIndex = 1; lastKnownFileType = sourcecode.swift; name = AddPersonSheet.swift; path = Features/AddPerson/AddPersonSheet.swift; sourceTree = "<group>"; };
		877104F3162E7609D7263562 /* FrameSelector.swift */ = {isa = PBXFileReference; includeInIndex = 1; lastKnownFileType = sourcecode.swift; name = FrameSelector.swift; path = Services/FrameSelector.swift; sourceTree = "<group>"; };
		89B8EB596368F9C23C952A05 /* VioletApp.swift */ = {isa = PBXFileReference; includeInIndex = 1; lastKnownFileType = sourcecode.swift; name = VioletApp.swift; path = App/VioletApp.swift; sourceTree = "<group>"; };
		90B27D4AD72AAD5E13426F57 /* Sansation-Bold.ttf */ = {isa = PBXFileReference; includeInIndex = 1; lastKnownFileType = file; name = "Sansation-Bold.ttf"; path = "Resources/Sansation-Bold.ttf"; sourceTree = "<group>"; };
		966F3BC06482288660275EAB /* Violet.app */ = {isa = PBXFileReference; explicitFileType = wrapper.application; includeInIndex = 0; path = Violet.app; sourceTree = BUILT_PRODUCTS_DIR; };
		9E0EED79880687D5C0985ED3 /* OpenAIRecognitionService.swift */ = {isa = PBXFileReference; includeInIndex = 1; lastKnownFileType = sourcecode.swift; name = OpenAIRecognitionService.swift; path = Services/OpenAIRecognitionService.swift; sourceTree = "<group>"; };
		9FFAB61395684170598040E0 /* AppEnvironment.swift */ = {isa = PBXFileReference; includeInIndex = 1; lastKnownFileType = sourcecode.swift; name = AppEnvironment.swift; path = Configuration/AppEnvironment.swift; sourceTree = "<group>"; };
		A9B8B31EEB54CFC27DF62641 /* WakeWordDetector.swift */ = {isa = PBXFileReference; includeInIndex = 1; lastKnownFileType = sourcecode.swift; name = WakeWordDetector.swift; path = Services/WakeWordDetector.swift; sourceTree = "<group>"; };
		ADBA43E6D7E8482352D237B6 /* FrameSelectorTests.swift */ = {isa = PBXFileReference; includeInIndex = 1; lastKnownFileType = sourcecode.swift; path = FrameSelectorTests.swift; sourceTree = "<group>"; };
		B342E4612800028FFCB936EB /* Foundation.framework */ = {isa = PBXFileReference; lastKnownFileType = wrapper.framework; name = Foundation.framework; path = Platforms/iPhoneOS.platform/Developer/SDKs/iPhoneOS14.0.sdk/System/Library/Frameworks/Foundation.framework; sourceTree = DEVELOPER_DIR; };
		B8A7BBB637482466B6A78A79 /* ReferentRecognizer.swift */ = {isa = PBXFileReference; includeInIndex = 1; lastKnownFileType = sourcecode.swift; name = ReferentRecognizer.swift; path = Services/ReferentRecognizer.swift; sourceTree = "<group>"; };
		C03B37329D6886547354F56C /* Sansation-Regular.ttf */ = {isa = PBXFileReference; includeInIndex = 1; lastKnownFileType = file; name = "Sansation-Regular.ttf"; path = "Resources/Sansation-Regular.ttf"; sourceTree = "<group>"; };
		C2A601BA8F532336F1B8D9E8 /* VioletTests.xctest */ = {isa = PBXFileReference; explicitFileType = wrapper.cfbundle; includeInIndex = 0; path = VioletTests.xctest; sourceTree = BUILT_PRODUCTS_DIR; };
		C98E057A440B3B3622CCF1A8 /* CameraCaptureView.swift */ = {isa = PBXFileReference; includeInIndex = 1; lastKnownFileType = sourcecode.swift; name = CameraCaptureView.swift; path = Features/AddPerson/CameraCaptureView.swift; sourceTree = "<group>"; };
		CA46892617E3049CF8B100AD /* GlassesManager.swift */ = {isa = PBXFileReference; includeInIndex = 1; lastKnownFileType = sourcecode.swift; name = GlassesManager.swift; path = Services/GlassesManager.swift; sourceTree = "<group>"; };
		CED2411FD052F7EAD928B47D /* Assets.xcassets */ = {isa = PBXFileReference; includeInIndex = 1; lastKnownFileType = folder.assetcatalog; path = Assets.xcassets; sourceTree = "<group>"; };
		D29C477E148A3F097714D57C /* AudioOutput.swift */ = {isa = PBXFileReference; includeInIndex = 1; lastKnownFileType = sourcecode.swift; name = AudioOutput.swift; path = Services/AudioOutput.swift; sourceTree = "<group>"; };
		D6EE2B19745F5A4DD7E23191 /* WakeWordDetectorTests.swift */ = {isa = PBXFileReference; includeInIndex = 1; lastKnownFileType = sourcecode.swift; path = WakeWordDetectorTests.swift; sourceTree = "<group>"; };
		EED63F6C35A37A4C27F38ECC /* RemoteAPI.swift */ = {isa = PBXFileReference; includeInIndex = 1; lastKnownFileType = sourcecode.swift; name = RemoteAPI.swift; path = Data/RemoteAPI.swift; sourceTree = "<group>"; };
		F3BC6F278216236E351B7C91 /* HomeView.swift */ = {isa = PBXFileReference; includeInIndex = 1; lastKnownFileType = sourcecode.swift; name = HomeView.swift; path = Features/Home/HomeView.swift; sourceTree = "<group>"; };
		FF7877A2761C7F03D35DD3A2 /* ElevenLabsSpeaker.swift */ = {isa = PBXFileReference; includeInIndex = 1; lastKnownFileType = sourcecode.swift; name = ElevenLabsSpeaker.swift; path = Services/ElevenLabsSpeaker.swift; sourceTree = "<group>"; };
/* End PBXFileReference section */

/* Begin PBXFrameworksBuildPhase section */
		4CCD4A6BBBE0B2AA3196ACBC /* Frameworks */ = {
			isa = PBXFrameworksBuildPhase;
			buildActionMask = 2147483647;
			files = (
				4ADD74DAB3CE07008600B809 /* Foundation.framework in Frameworks */,
				B7D74592049A2F0EA72B62DF /* MWDATCore in Frameworks */,
				056296BA5123D679A4DE0ACF /* MWDATCamera in Frameworks */,
				601581029110C9669DBF39C4 /* MWDATSpeech in Frameworks */,
				357AA5C573BBBA82D1B72FF1 /* MongoKitten in Frameworks */,
				4C21477A33D38C69A72D5F85 /* ReferentCore in Frameworks */,
				13326A92F9E9C74CB880E75B /* ReferentApple in Frameworks */,
				18913F5E3B2630E0BAA12586 /* ReferentRekognition in Frameworks */,
				EB4730636473EEBA0A4E2D62 /* MWDATInputs in Frameworks */,
			);
			runOnlyForDeploymentPostprocessing = 0;
		};
		9B3849562FC3BC9CE9FEA91C /* Frameworks */ = {
			isa = PBXFrameworksBuildPhase;
			buildActionMask = 2147483647;
			files = (
				1EA637BAEF24088A61C6D42A /* Foundation.framework in Frameworks */,
			);
			runOnlyForDeploymentPostprocessing = 0;
		};
/* End PBXFrameworksBuildPhase section */

/* Begin PBXGroup section */
		189E369B8C9CF3A1F261F6EE /* Frameworks */ = {
			isa = PBXGroup;
			children = (
				8D082F630661400ADFA63DD5 /* iOS */,
			);
			name = Frameworks;
			sourceTree = "<group>";
		};
		33C0D5BCF6487C6ED510BAC6 /* VioletTests */ = {
			isa = PBXGroup;
			children = (
				ADBA43E6D7E8482352D237B6 /* FrameSelectorTests.swift */,
				D6EE2B19745F5A4DD7E23191 /* WakeWordDetectorTests.swift */,
			);
			path = VioletTests;
			sourceTree = "<group>";
		};
		35E5CBEB1194C1399F5CD138 = {
			isa = PBXGroup;
			children = (
				F63B70D0B309D1356C583CFF /* Products */,
				189E369B8C9CF3A1F261F6EE /* Frameworks */,
				BCDFECE4BCDF5BADA2FFC03D /* Violet */,
				33C0D5BCF6487C6ED510BAC6 /* VioletTests */,
			);
			sourceTree = "<group>";
		};
		8D082F630661400ADFA63DD5 /* iOS */ = {
			isa = PBXGroup;
			children = (
				B342E4612800028FFCB936EB /* Foundation.framework */,
			);
			name = iOS;
			sourceTree = "<group>";
		};
		BCDFECE4BCDF5BADA2FFC03D /* Violet */ = {
			isa = PBXGroup;
			children = (
				0342B76D208B9D6B637A572C /* AppModel.swift */,
				89B8EB596368F9C23C952A05 /* VioletApp.swift */,
				9FFAB61395684170598040E0 /* AppEnvironment.swift */,
				09DD5DE92EB7956AC72E097B /* LocalStore.swift */,
				EED63F6C35A37A4C27F38ECC /* RemoteAPI.swift */,
				11CF1511FAF0A474CFFDDC86 /* DesignSystem.swift */,
				833C5563711F3EBEB2AB9570 /* Models.swift */,
				84A048C38A36074C6FEA592E /* AddPersonSheet.swift */,
				C98E057A440B3B3622CCF1A8 /* CameraCaptureView.swift */,
				F3BC6F278216236E351B7C91 /* HomeView.swift */,
				FF7877A2761C7F03D35DD3A2 /* ElevenLabsSpeaker.swift */,
				877104F3162E7609D7263562 /* FrameSelector.swift */,
				CA46892617E3049CF8B100AD /* GlassesManager.swift */,
				9E0EED79880687D5C0985ED3 /* OpenAIRecognitionService.swift */,
				A9B8B31EEB54CFC27DF62641 /* WakeWordDetector.swift */,
				CED2411FD052F7EAD928B47D /* Assets.xcassets */,
				6A28F07BEC80096F1FE110E6 /* MuktaMalar-Light.ttf */,
				90B27D4AD72AAD5E13426F57 /* Sansation-Bold.ttf */,
				C03B37329D6886547354F56C /* Sansation-Regular.ttf */,
				B8A7BBB637482466B6A78A79 /* ReferentRecognizer.swift */,
				4BC6AB89438E6F451B1BCF57 /* WakeChime.swift */,
				070980DFDC6B1EC53F8B3757 /* WakeChime.mp3 */,
				D29C477E148A3F097714D57C /* AudioOutput.swift */,
			);
			path = Violet;
			sourceTree = "<group>";
		};
		F63B70D0B309D1356C583CFF /* Products */ = {
			isa = PBXGroup;
			children = (
				966F3BC06482288660275EAB /* Violet.app */,
				C2A601BA8F532336F1B8D9E8 /* VioletTests.xctest */,
			);
			name = Products;
			sourceTree = "<group>";
		};
/* End PBXGroup section */

/* Begin PBXNativeTarget section */
		A7B98C4A6AF3B7907E25400D /* Violet */ = {
			isa = PBXNativeTarget;
			buildConfigurationList = 885103FE249AF8A1007B0A4E /* Build configuration list for PBXNativeTarget "Violet" */;
			buildPhases = (
				EC6D314EF9CD5FD05D75BE0D /* Sources */,
				4CCD4A6BBBE0B2AA3196ACBC /* Frameworks */,
				505B71063C345D21EA2762D1 /* Resources */,
				6F2B1CE79A8FC20E899C926A /* Generate prototype secrets */,
			);
			buildRules = (
			);
			dependencies = (
			);
			name = Violet;
			packageProductDependencies = (
				A0EAA09D58A0AF5B40B7FCB3 /* MWDATCore */,
				CDCA28262A52E14A872D9AA8 /* MWDATCamera */,
				B69ECAF5952BEE01A6DFBAA6 /* MWDATSpeech */,
				CB485F87C601DC9CF09C209A /* MongoKitten */,
				A25EF29BDCE74EEED0B2DF20 /* ReferentCore */,
				B017894614FE52F80FFAAA5C /* ReferentApple */,
				9EAECDB1B41A3DF8F039F26B /* ReferentRekognition */,
				23DE4EDE9FB82A4C7996DA1C /* MWDATInputs */,
			);
			productName = Violet;
			productReference = 966F3BC06482288660275EAB /* Violet.app */;
			productType = "com.apple.product-type.application";
		};
		FBFBA95792D2B7440FAC960A /* VioletTests */ = {
			isa = PBXNativeTarget;
			buildConfigurationList = 3ADA300D1169AA58F16AE0C6 /* Build configuration list for PBXNativeTarget "VioletTests" */;
			buildPhases = (
				2CB48A6137CFE9F331546278 /* Sources */,
				9B3849562FC3BC9CE9FEA91C /* Frameworks */,
				9654533B13AACE89409EA293 /* Resources */,
			);
			buildRules = (
			);
			dependencies = (
			);
			name = VioletTests;
			productName = VioletTests;
			productReference = C2A601BA8F532336F1B8D9E8 /* VioletTests.xctest */;
			productType = "com.apple.product-type.bundle.unit-test";
		};
/* End PBXNativeTarget section */

/* Begin PBXProject section */
		05B375393C2BC6675A4BB2C1 /* Project object */ = {
			isa = PBXProject;
			attributes = {
				LastSwiftUpdateCheck = 2660;
				LastUpgradeCheck = 2660;
			};
			buildConfigurationList = F8A5C61F3367E8F337255228 /* Build configuration list for PBXProject "Violet" */;
			compatibilityVersion = "Xcode 3.2";
			developmentRegion = en;
			hasScannedForEncodings = 0;
			knownRegions = (
				en,
				Base,
			);
			mainGroup = 35E5CBEB1194C1399F5CD138;
			packageReferences = (
				BD079B8704335AF6568DDD12 /* XCRemoteSwiftPackageReference "meta-wearables-dat-ios" */,
				503E3F2977D2CA8EBB3B6E3D /* XCRemoteSwiftPackageReference "MongoKitten" */,
				5395BEBA23A19AB2560D3771 /* XCRemoteSwiftPackageReference "DNSClient" */,
				8FA3060B1758CD384D36FDA3 /* XCLocalSwiftPackageReference "VioletReferent" */,
			);
			productRefGroup = F63B70D0B309D1356C583CFF /* Products */;
			projectDirPath = "";
			projectRoot = "";
			targets = (
				A7B98C4A6AF3B7907E25400D /* Violet */,
				FBFBA95792D2B7440FAC960A /* VioletTests */,
			);
		};
/* End PBXProject section */

/* Begin PBXResourcesBuildPhase section */
		505B71063C345D21EA2762D1 /* Resources */ = {
			isa = PBXResourcesBuildPhase;
			buildActionMask = 2147483647;
			files = (
				77B796C5609DB737635B2558 /* Assets.xcassets in Resources */,
				6BDFCD551D00DAD171733ED7 /* MuktaMalar-Light.ttf in Resources */,
				8D4E1F1EDC8B6DD890C7ABB0 /* Sansation-Bold.ttf in Resources */,
				85392729460FCE547C2CE8CF /* Sansation-Regular.ttf in Resources */,
				5EE42200E25AB32425F3CF44 /* WakeChime.mp3 in Resources */,
			);
			runOnlyForDeploymentPostprocessing = 0;
		};
		9654533B13AACE89409EA293 /* Resources */ = {
			isa = PBXResourcesBuildPhase;
			buildActionMask = 2147483647;
			files = (
			);
			runOnlyForDeploymentPostprocessing = 0;
		};
/* End PBXResourcesBuildPhase section */

/* Begin PBXShellScriptBuildPhase section */
		6F2B1CE79A8FC20E899C926A /* Generate prototype secrets */ = {
			isa = PBXShellScriptBuildPhase;
			buildActionMask = 2147483647;
			files = (
			);
			inputFileListPaths = (
			);
			inputPaths = (
				"$(SRCROOT)/scripts/generate_secrets.rb",
				"$(SRCROOT)/../.env",
			);
			name = "Generate prototype secrets";
			outputFileListPaths = (
			);
			outputPaths = (
				"$(TARGET_BUILD_DIR)/$(UNLOCALIZED_RESOURCES_FOLDER_PATH)/Secrets.json",
			);
			runOnlyForDeploymentPostprocessing = 0;
			shellPath = /bin/sh;
			shellScript = "set -eu\noutput_dir=\"$DERIVED_FILE_DIR/violet-secrets\"\noutput_file=\"$output_dir/Secrets.json\"\nmkdir -p \"$output_dir\" \"$TARGET_BUILD_DIR/$UNLOCALIZED_RESOURCES_FOLDER_PATH\"\n/usr/bin/ruby \"$SRCROOT/scripts/generate_secrets.rb\" \"$SRCROOT/../.env\" \"$output_file\"\n/bin/cp \"$output_file\" \"$TARGET_BUILD_DIR/$UNLOCALIZED_RESOURCES_FOLDER_PATH/Secrets.json\"\n/usr/bin/xattr -cr \"$TARGET_BUILD_DIR/$WRAPPER_NAME\" || true\n";
		};
/* End PBXShellScriptBuildPhase section */

/* Begin PBXSourcesBuildPhase section */
		2CB48A6137CFE9F331546278 /* Sources */ = {
			isa = PBXSourcesBuildPhase;
			buildActionMask = 2147483647;
			files = (
				81A612A99A6D2B7EC5C34919 /* FrameSelectorTests.swift in Sources */,
				EC0B864A8B3B6A05A30DF683 /* WakeWordDetectorTests.swift in Sources */,
				DFE6AF9A17073688BD411587 /* FrameSelector.swift in Sources */,
				6424BC6A5CA7D917EDC1D1AE /* WakeWordDetector.swift in Sources */,
			);
			runOnlyForDeploymentPostprocessing = 0;
		};
		EC6D314EF9CD5FD05D75BE0D /* Sources */ = {
			isa = PBXSourcesBuildPhase;
			buildActionMask = 2147483647;
			files = (
				6EAF340F3AD68FDE5F358D5D /* AppModel.swift in Sources */,
				5BDC97243A0B770C62555D52 /* VioletApp.swift in Sources */,
				AC6644AC20CD2479A9920E68 /* AppEnvironment.swift in Sources */,
				7AC3488AEB34B141428E1188 /* LocalStore.swift in Sources */,
				CB5FAC5DA74BAD11240EE307 /* RemoteAPI.swift in Sources */,
				55A25B4CA51CC1A9D627B100 /* DesignSystem.swift in Sources */,
				AFF2769A58D1C5F7BFBD4FC6 /* Models.swift in Sources */,
				C673138A466EACEBAF564012 /* AddPersonSheet.swift in Sources */,
				2DB57E78681EB969E48AEBDA /* CameraCaptureView.swift in Sources */,
				D1A56D5E733DA77606A821FE /* HomeView.swift in Sources */,
				F265F54EF1073CC31A6140FF /* ElevenLabsSpeaker.swift in Sources */,
				87CAA134A416688F53D28F89 /* FrameSelector.swift in Sources */,
				94D2324C4740EC0F612E4945 /* GlassesManager.swift in Sources */,
				87E5C2A0B4D9E7A9DE683906 /* OpenAIRecognitionService.swift in Sources */,
				B5FC3F51408DCF5E5CF29C3C /* WakeWordDetector.swift in Sources */,
				56E0CFF36E0A36F1CD48AA69 /* ReferentRecognizer.swift in Sources */,
				786BE3B2CC4EF8DBC84FB6E4 /* WakeChime.swift in Sources */,
				CA27DAF716C18AE0D5200074 /* AudioOutput.swift in Sources */,
			);
			runOnlyForDeploymentPostprocessing = 0;
		};
/* End PBXSourcesBuildPhase section */

/* Begin XCBuildConfiguration section */
		28A413212CB8C17A8F10A8E8 /* Release */ = {
			isa = XCBuildConfiguration;
			buildSettings = {
				ASSETCATALOG_COMPILER_APPICON_NAME = AppIcon;
				ASSETCATALOG_COMPILER_GLOBAL_ACCENT_COLOR_NAME = AccentColor;
				CLANG_ENABLE_OBJC_WEAK = NO;
				CODE_SIGN_ENTITLEMENTS = Violet/Violet.entitlements;
				CODE_SIGN_STYLE = Automatic;
				CURRENT_PROJECT_VERSION = 1;
				DEVELOPMENT_TEAM = 4SDD363WP4;
				ENABLE_USER_SCRIPT_SANDBOXING = NO;
				GENERATE_INFOPLIST_FILE = NO;
				INFOPLIST_FILE = Violet/Info.plist;
				IPHONEOS_DEPLOYMENT_TARGET = 17.2;
				LD_RUNPATH_SEARCH_PATHS = (
					"$(inherited)",
					"@executable_path/Frameworks",
				);
				MARKETING_VERSION = 1.0;
				META_APP_ID = 0;
				META_CLIENT_TOKEN = "";
				PRODUCT_BUNDLE_IDENTIFIER = com.violet.patient;
				PRODUCT_NAME = "$(TARGET_NAME)";
				SDKROOT = iphoneos;
				SWIFT_EMIT_LOC_STRINGS = YES;
				SWIFT_STRICT_CONCURRENCY = targeted;
				TARGETED_DEVICE_FAMILY = 1;
				VALIDATE_PRODUCT = YES;
			};
			name = Release;
		};
		598085E3507D14BC2AD9808A /* Debug */ = {
			isa = XCBuildConfiguration;
			buildSettings = {
				ASSETCATALOG_COMPILER_APPICON_NAME = AppIcon;
				ASSETCATALOG_COMPILER_GLOBAL_ACCENT_COLOR_NAME = AccentColor;
				CLANG_ENABLE_OBJC_WEAK = NO;
				CODE_SIGN_ENTITLEMENTS = Violet/Violet.entitlements;
				CODE_SIGN_STYLE = Automatic;
				CURRENT_PROJECT_VERSION = 1;
				DEVELOPMENT_TEAM = 4SDD363WP4;
				ENABLE_USER_SCRIPT_SANDBOXING = NO;
				GENERATE_INFOPLIST_FILE = NO;
				INFOPLIST_FILE = Violet/Info.plist;
				IPHONEOS_DEPLOYMENT_TARGET = 17.2;
				LD_RUNPATH_SEARCH_PATHS = (
					"$(inherited)",
					"@executable_path/Frameworks",
				);
				MARKETING_VERSION = 1.0;
				META_APP_ID = 0;
				META_CLIENT_TOKEN = "";
				PRODUCT_BUNDLE_IDENTIFIER = com.violet.patient;
				PRODUCT_NAME = "$(TARGET_NAME)";
				SDKROOT = iphoneos;
				SWIFT_EMIT_LOC_STRINGS = YES;
				SWIFT_STRICT_CONCURRENCY = targeted;
				TARGETED_DEVICE_FAMILY = 1;
			};
			name = Debug;
		};
		A99D79268A08A4A709103441 /* Release */ = {
			isa = XCBuildConfiguration;
			buildSettings = {
				CLANG_ENABLE_OBJC_WEAK = NO;
				CODE_SIGN_STYLE = Automatic;
				GENERATE_INFOPLIST_FILE = YES;
				IPHONEOS_DEPLOYMENT_TARGET = 17.2;
				PRODUCT_BUNDLE_IDENTIFIER = com.violet.patient.tests;
				SDKROOT = iphoneos;
				SWIFT_VERSION = 6.0;
				TARGETED_DEVICE_FAMILY = 1;
				VALIDATE_PRODUCT = YES;
			};
			name = Release;
		};
		ACB237FBD01D6263A1FFD1D3 /* Release */ = {
			isa = XCBuildConfiguration;
			buildSettings = {
				ALWAYS_SEARCH_USER_PATHS = NO;
				CLANG_ANALYZER_NONNULL = YES;
				CLANG_ANALYZER_NUMBER_OBJECT_CONVERSION = YES_AGGRESSIVE;
				CLANG_CXX_LANGUAGE_STANDARD = "gnu++14";
				CLANG_CXX_LIBRARY = "libc++";
				CLANG_ENABLE_MODULES = YES;
				CLANG_ENABLE_OBJC_ARC = YES;
				CLANG_ENABLE_OBJC_WEAK = YES;
				CLANG_WARN_BLOCK_CAPTURE_AUTORELEASING = YES;
				CLANG_WARN_BOOL_CONVERSION = YES;
				CLANG_WARN_COMMA = YES;
				CLANG_WARN_CONSTANT_CONVERSION = YES;
				CLANG_WARN_DEPRECATED_OBJC_IMPLEMENTATIONS = YES;
				CLANG_WARN_DIRECT_OBJC_ISA_USAGE = YES_ERROR;
				CLANG_WARN_DOCUMENTATION_COMMENTS = YES;
				CLANG_WARN_EMPTY_BODY = YES;
				CLANG_WARN_ENUM_CONVERSION = YES;
				CLANG_WARN_INFINITE_RECURSION = YES;
				CLANG_WARN_INT_CONVERSION = YES;
				CLANG_WARN_NON_LITERAL_NULL_CONVERSION = YES;
				CLANG_WARN_OBJC_IMPLICIT_RETAIN_SELF = YES;
				CLANG_WARN_OBJC_LITERAL_CONVERSION = YES;
				CLANG_WARN_OBJC_ROOT_CLASS = YES_ERROR;
				CLANG_WARN_QUOTED_INCLUDE_IN_FRAMEWORK_HEADER = YES;
				CLANG_WARN_RANGE_LOOP_ANALYSIS = YES;
				CLANG_WARN_STRICT_PROTOTYPES = YES;
				CLANG_WARN_SUSPICIOUS_MOVE = YES;
				CLANG_WARN_UNGUARDED_AVAILABILITY = YES_AGGRESSIVE;
				CLANG_WARN_UNREACHABLE_CODE = YES;
				CLANG_WARN__DUPLICATE_METHOD_MATCH = YES;
				COPY_PHASE_STRIP = NO;
				DEBUG_INFORMATION_FORMAT = "dwarf-with-dsym";
				ENABLE_NS_ASSERTIONS = NO;
				ENABLE_STRICT_OBJC_MSGSEND = YES;
				GCC_C_LANGUAGE_STANDARD = gnu11;
				GCC_NO_COMMON_BLOCKS = YES;
				GCC_WARN_64_TO_32_BIT_CONVERSION = YES;
				GCC_WARN_ABOUT_RETURN_TYPE = YES_ERROR;
				GCC_WARN_UNDECLARED_SELECTOR = YES;
				GCC_WARN_UNINITIALIZED_AUTOS = YES_AGGRESSIVE;
				GCC_WARN_UNUSED_FUNCTION = YES;
				GCC_WARN_UNUSED_VARIABLE = YES;
				IPHONEOS_DEPLOYMENT_TARGET = 17.2;
				MTL_ENABLE_DEBUG_INFO = NO;
				MTL_FAST_MATH = YES;
				PRODUCT_NAME = "$(TARGET_NAME)";
				SWIFT_COMPILATION_MODE = wholemodule;
				SWIFT_OPTIMIZATION_LEVEL = "-O";
				SWIFT_VERSION = 6.0;
			};
			name = Release;
		};
		C6415D1C6ED452E50E0D6444 /* Debug */ = {
			isa = XCBuildConfiguration;
			buildSettings = {
				ALWAYS_SEARCH_USER_PATHS = NO;
				CLANG_ANALYZER_NONNULL = YES;
				CLANG_ANALYZER_NUMBER_OBJECT_CONVERSION = YES_AGGRESSIVE;
				CLANG_CXX_LANGUAGE_STANDARD = "gnu++14";
				CLANG_CXX_LIBRARY = "libc++";
				CLANG_ENABLE_MODULES = YES;
				CLANG_ENABLE_OBJC_ARC = YES;
				CLANG_ENABLE_OBJC_WEAK = YES;
				CLANG_WARN_BLOCK_CAPTURE_AUTORELEASING = YES;
				CLANG_WARN_BOOL_CONVERSION = YES;
				CLANG_WARN_COMMA = YES;
				CLANG_WARN_CONSTANT_CONVERSION = YES;
				CLANG_WARN_DEPRECATED_OBJC_IMPLEMENTATIONS = YES;
				CLANG_WARN_DIRECT_OBJC_ISA_USAGE = YES_ERROR;
				CLANG_WARN_DOCUMENTATION_COMMENTS = YES;
				CLANG_WARN_EMPTY_BODY = YES;
				CLANG_WARN_ENUM_CONVERSION = YES;
				CLANG_WARN_INFINITE_RECURSION = YES;
				CLANG_WARN_INT_CONVERSION = YES;
				CLANG_WARN_NON_LITERAL_NULL_CONVERSION = YES;
				CLANG_WARN_OBJC_IMPLICIT_RETAIN_SELF = YES;
				CLANG_WARN_OBJC_LITERAL_CONVERSION = YES;
				CLANG_WARN_OBJC_ROOT_CLASS = YES_ERROR;
				CLANG_WARN_QUOTED_INCLUDE_IN_FRAMEWORK_HEADER = YES;
				CLANG_WARN_RANGE_LOOP_ANALYSIS = YES;
				CLANG_WARN_STRICT_PROTOTYPES = YES;
				CLANG_WARN_SUSPICIOUS_MOVE = YES;
				CLANG_WARN_UNGUARDED_AVAILABILITY = YES_AGGRESSIVE;
				CLANG_WARN_UNREACHABLE_CODE = YES;
				CLANG_WARN__DUPLICATE_METHOD_MATCH = YES;
				COPY_PHASE_STRIP = NO;
				DEBUG_INFORMATION_FORMAT = dwarf;
				ENABLE_STRICT_OBJC_MSGSEND = YES;
				ENABLE_TESTABILITY = YES;
				GCC_C_LANGUAGE_STANDARD = gnu11;
				GCC_DYNAMIC_NO_PIC = NO;
				GCC_NO_COMMON_BLOCKS = YES;
				GCC_OPTIMIZATION_LEVEL = 0;
				GCC_PREPROCESSOR_DEFINITIONS = (
					"DEBUG=1",
					"$(inherited)",
				);
				GCC_WARN_64_TO_32_BIT_CONVERSION = YES;
				GCC_WARN_ABOUT_RETURN_TYPE = YES_ERROR;
				GCC_WARN_UNDECLARED_SELECTOR = YES;
				GCC_WARN_UNINITIALIZED_AUTOS = YES_AGGRESSIVE;
				GCC_WARN_UNUSED_FUNCTION = YES;
				GCC_WARN_UNUSED_VARIABLE = YES;
				IPHONEOS_DEPLOYMENT_TARGET = 17.2;
				MTL_ENABLE_DEBUG_INFO = INCLUDE_SOURCE;
				MTL_FAST_MATH = YES;
				ONLY_ACTIVE_ARCH = YES;
				PRODUCT_NAME = "$(TARGET_NAME)";
				SWIFT_ACTIVE_COMPILATION_CONDITIONS = DEBUG;
				SWIFT_OPTIMIZATION_LEVEL = "-Onone";
				SWIFT_VERSION = 6.0;
			};
			name = Debug;
		};
		F869EC8A95A2CE1A468F53D3 /* Debug */ = {
			isa = XCBuildConfiguration;
			buildSettings = {
				CLANG_ENABLE_OBJC_WEAK = NO;
				CODE_SIGN_STYLE = Automatic;
				GENERATE_INFOPLIST_FILE = YES;
				IPHONEOS_DEPLOYMENT_TARGET = 17.2;
				PRODUCT_BUNDLE_IDENTIFIER = com.violet.patient.tests;
				SDKROOT = iphoneos;
				SWIFT_VERSION = 6.0;
				TARGETED_DEVICE_FAMILY = 1;
			};
			name = Debug;
		};
/* End XCBuildConfiguration section */

/* Begin XCConfigurationList section */
		3ADA300D1169AA58F16AE0C6 /* Build configuration list for PBXNativeTarget "VioletTests" */ = {
			isa = XCConfigurationList;
			buildConfigurations = (
				A99D79268A08A4A709103441 /* Release */,
				F869EC8A95A2CE1A468F53D3 /* Debug */,
			);
			defaultConfigurationIsVisible = 0;
			defaultConfigurationName = Release;
		};
		885103FE249AF8A1007B0A4E /* Build configuration list for PBXNativeTarget "Violet" */ = {
			isa = XCConfigurationList;
			buildConfigurations = (
				28A413212CB8C17A8F10A8E8 /* Release */,
				598085E3507D14BC2AD9808A /* Debug */,
			);
			defaultConfigurationIsVisible = 0;
			defaultConfigurationName = Release;
		};
		F8A5C61F3367E8F337255228 /* Build configuration list for PBXProject "Violet" */ = {
			isa = XCConfigurationList;
			buildConfigurations = (
				C6415D1C6ED452E50E0D6444 /* Debug */,
				ACB237FBD01D6263A1FFD1D3 /* Release */,
			);
			defaultConfigurationIsVisible = 0;
			defaultConfigurationName = Release;
		};
/* End XCConfigurationList section */

/* Begin XCLocalSwiftPackageReference section */
		8FA3060B1758CD384D36FDA3 /* XCLocalSwiftPackageReference "VioletReferent" */ = {
			isa = XCLocalSwiftPackageReference;
			relativePath = Packages/VioletReferent;
		};
/* End XCLocalSwiftPackageReference section */

/* Begin XCRemoteSwiftPackageReference section */
		503E3F2977D2CA8EBB3B6E3D /* XCRemoteSwiftPackageReference "MongoKitten" */ = {
			isa = XCRemoteSwiftPackageReference;
			repositoryURL = "https://github.com/orlandos-nl/MongoKitten";
			requirement = {
				kind = exactVersion;
				version = 7.16.3;
			};
		};
		5395BEBA23A19AB2560D3771 /* XCRemoteSwiftPackageReference "DNSClient" */ = {
			isa = XCRemoteSwiftPackageReference;
			repositoryURL = "https://github.com/orlandos-nl/DNSClient";
			requirement = {
				kind = exactVersion;
				version = 2.6.0;
			};
		};
		BD079B8704335AF6568DDD12 /* XCRemoteSwiftPackageReference "meta-wearables-dat-ios" */ = {
			isa = XCRemoteSwiftPackageReference;
			repositoryURL = "https://github.com/facebook/meta-wearables-dat-ios";
			requirement = {
				kind = exactVersion;
				version = 1.0.0;
			};
		};
/* End XCRemoteSwiftPackageReference section */

/* Begin XCSwiftPackageProductDependency section */
		23DE4EDE9FB82A4C7996DA1C /* MWDATInputs */ = {
			isa = XCSwiftPackageProductDependency;
			package = BD079B8704335AF6568DDD12 /* XCRemoteSwiftPackageReference "meta-wearables-dat-ios" */;
			productName = MWDATInputs;
		};
		9EAECDB1B41A3DF8F039F26B /* ReferentRekognition */ = {
			isa = XCSwiftPackageProductDependency;
			package = 8FA3060B1758CD384D36FDA3 /* XCLocalSwiftPackageReference "VioletReferent" */;
			productName = ReferentRekognition;
		};
		A0EAA09D58A0AF5B40B7FCB3 /* MWDATCore */ = {
			isa = XCSwiftPackageProductDependency;
			package = BD079B8704335AF6568DDD12 /* XCRemoteSwiftPackageReference "meta-wearables-dat-ios" */;
			productName = MWDATCore;
		};
		A25EF29BDCE74EEED0B2DF20 /* ReferentCore */ = {
			isa = XCSwiftPackageProductDependency;
			package = 8FA3060B1758CD384D36FDA3 /* XCLocalSwiftPackageReference "VioletReferent" */;
			productName = ReferentCore;
		};
		B017894614FE52F80FFAAA5C /* ReferentApple */ = {
			isa = XCSwiftPackageProductDependency;
			package = 8FA3060B1758CD384D36FDA3 /* XCLocalSwiftPackageReference "VioletReferent" */;
			productName = ReferentApple;
		};
		B69ECAF5952BEE01A6DFBAA6 /* MWDATSpeech */ = {
			isa = XCSwiftPackageProductDependency;
			package = BD079B8704335AF6568DDD12 /* XCRemoteSwiftPackageReference "meta-wearables-dat-ios" */;
			productName = MWDATSpeech;
		};
		CB485F87C601DC9CF09C209A /* MongoKitten */ = {
			isa = XCSwiftPackageProductDependency;
			package = 503E3F2977D2CA8EBB3B6E3D /* XCRemoteSwiftPackageReference "MongoKitten" */;
			productName = MongoKitten;
		};
		CDCA28262A52E14A872D9AA8 /* MWDATCamera */ = {
			isa = XCSwiftPackageProductDependency;
			package = BD079B8704335AF6568DDD12 /* XCRemoteSwiftPackageReference "meta-wearables-dat-ios" */;
			productName = MWDATCamera;
		};
/* End XCSwiftPackageProductDependency section */
	};
	rootObject = 05B375393C2BC6675A4BB2C1 /* Project object */;
}
